// !$*UTF8*$!
{
	archiveVersion = 1;
	classes = {
	};
	objectVersion = 56;
	objects = {

/* Begin PBXBuildFile section */
		3A4900582A635B57003372A7 /* research_managerApp.swift in Sources */ = {isa = PBXBuildFile; fileRef = 3A4900572A635B57003372A7 /* research_managerApp.swift */; };
		3A49005A2A635B57003372A7 /* ContentView.swift in Sources */ = {isa = PBXBuildFile; fileRef = 3A4900592A635B57003372A7 /* ContentView.swift */; };
		3A49005C2A635B58003372A7 /* Assets.xcassets in Resources */ = {isa = PBXBuildFile; fileRef = 3A49005B2A635B58003372A7 /* Assets.xcassets */; };
		3A4900602A635B58003372A7 /* Preview Assets.xcassets in Resources */ = {isa = PBXBuildFile; fileRef = 3A49005F2A635B58003372A7 /* Preview Assets.xcassets */; };
		3A49006A2A635B58003372A7 /* research_managerTests.swift in Sources */ = {isa = PBXBuildFile; fileRef = 3A4900692A635B58003372A7 /* research_managerTests.swift */; };
		3A4900742A635B58003372A7 /* research_managerUITests.swift in Sources */ = {isa = PBXBuildFile; fileRef = 3A4900732A635B58003372A7 /* research_managerUITests.swift */; };
		3A4900762A635B58003372A7 /* research_managerUITestsLaunchTests.swift in Sources */ = {isa = PBXBuildFile; fileRef = 3A4900752A635B58003372A7 /* research_managerUITestsLaunchTests.swift */; };
/* End PBXBuildFile section */

/* Begin PBXContainerItemProxy section */
		3A4900662A635B58003372A7 /* PBXContainerItemProxy */ = {
			isa = PBXContainerItemProxy;
			containerPortal = 3A49004C2A635B57003372A7 /* Project object */;
			proxyType = 1;
			remoteGlobalIDString = 3A4900532A635B57003372A7;
			remoteInfo = "research manager";
		};
		3A4900702A635B58003372A7 /* PBXContainerItemProxy */ = {
			isa = PBXContainerItemProxy;
			containerPortal = 3A49004C2A635B57003372A7 /* Project object */;
			proxyType = 1;
			remoteGlobalIDString = 3A4900532A635B57003372A7;
			remoteInfo = "research manager";
		};
/* End PBXContainerItemProxy section */

/* Begin PBXFileReference section */
		3A4900542A635B57003372A7 /* research manager.app */ = {isa = PBXFileReference; explicitFileType = wrapper.application; includeInIndex = 0; path = "research manager.app"; sourceTree = BUILT_PRODUCTS_DIR; };
		3A4900572A635B57003372A7 /* research_managerApp.swift */ = {isa = PBXFileReference; lastKnownFileType = sourcecode.swift; path = research_managerApp.swift; sourceTree = "<group>"; };
		3A4900592A635B57003372A7 /* ContentView.swift */ = {isa = PBXFileReference; lastKnownFileType = sourcecode.swift; path = ContentView.swift; sourceTree = "<group>"; };
		3A49005B2A635B58003372A7 /* Assets.xcassets */ = {isa = PBXFileReference; lastKnownFileType = folder.assetcatalog; path = Assets.xcassets; sourceTree = "<group>"; };
		3A49005D2A635B58003372A7 /* research_manager.entitlements */ = {isa = PBXFileReference; lastKnownFileType = text.plist.entitlements; path = research_manager.entitlements; sourceTree = "<group>"; };
		3A49005F2A635B58003372A7 /* Preview Assets.xcassets */ = {isa = PBXFileReference; lastKnownFileType = folder.assetcatalog; path = "Preview Assets.xcassets"; sourceTree = "<group>"; };
		3A4900652A635B58003372A7 /* research managerTests.xctest */ = {isa = PBXFileReference; explicitFileType = wrapper.cfbundle; includeInIndex = 0; path = "research managerTests.xctest"; sourceTree = BUILT_PRODUCTS_DIR; };
		3A4900692A635B58003372A7 /* research_managerTests.swift */ = {isa = PBXFileReference; lastKnownFileType = sourcecode.swift; path = research_managerTests.swift; sourceTree = "<group>"; };
		3A49006F2A635B58003372A7 /* research managerUITests.xctest */ = {isa = PBXFileReference; explicitFileType = wrapper.cfbundle; includeInIndex = 0; path = "research managerUITests.xctest"; sourceTree = BUILT_PRODUCTS_DIR; };
		3A4900732A635B58003372A7 /* research_managerUITests.swift */ = {isa = PBXFileReference; lastKnownFileType = sourcecode.swift; path = research_managerUITests.swift; sourceTree = "<group>"; };
		3A4900752A635B58003372A7 /* research_managerUITestsLaunchTests.swift */ = {isa = PBXFileReference; lastKnownFileType = sourcecode.swift; path = research_managerUITestsLaunchTests.swift; sourceTree = "<group>"; };
/* End PBXFileReference section */

/* Begin PBXFrameworksBuildPhase section */
		3A4900512A635B57003372A7 /* Frameworks */ = {
			isa = PBXFrameworksBuildPhase;
			buildActionMask = 2147483647;
			files = (
			);
			runOnlyForDeploymentPostprocessing = 0;
		};
		3A4900622A635B58003372A7 /* Frameworks */ = {
			isa = PBXFrameworksBuildPhase;
			buildActionMask = 2147483647;
			files = (
			);
			runOnlyForDeploymentPostprocessing = 0;
		};
		3A49006C2A635B58003372A7 /* Frameworks */ = {
			isa = PBXFrameworksBuildPhase;
			buildActionMask = 2147483647;
			files = (
			);
			runOnlyForDeploymentPostprocessing = 0;
		};
/* End PBXFrameworksBuildPhase section */

/* Begin PBXGroup section */
		3A49004B2A635B57003372A7 = {
			isa = PBXGroup;
			children = (
				3A4900562A635B57003372A7 /* research manager */,
				3A4900682A635B58003372A7 /* research managerTests */,
				3A4900722A635B58003372A7 /* research managerUITests */,
				3A4900552A635B57003372A7 /* Products */,
			);
			sourceTree = "<group>";
		};
		3A4900552A635B57003372A7 /* Products */ = {
			isa = PBXGroup;
			children = (
				3A4900542A635B57003372A7 /* research manager.app */,
				3A4900652A635B58003372A7 /* research managerTests.xctest */,
				3A49006F2A635B58003372A7 /* research managerUITests.xctest */,
			);
			name = Products;
			sourceTree = "<group>";
		};
		3A4900562A635B57003372A7 /* research manager */ = {
			isa = PBXGroup;
			children = (
				3A4900572A635B57003372A7 /* research_managerApp.swift */,
				3A4900592A635B57003372A7 /* ContentView.swift */,
				3A49005B2A635B58003372A7 /* Assets.xcassets */,
				3A49005D2A635B58003372A7 /* research_manager.entitlements */,
				3A49005E2A635B58003372A7 /* Preview Content */,
			);
			path = "research manager";
			sourceTree = "<group>";
		};
		3A49005E2A635B58003372A7 /* Preview Content */ = {
			isa = PBXGroup;
			children = (
				3A49005F2A635B58003372A7 /* Preview Assets.xcassets */,
			);
			path = "Preview Content";
			sourceTree = "<group>";
		};
		3A4900682A635B58003372A7 /* research managerTests */ = {
			isa = PBXGroup;
			children = (
				3A4900692A635B58003372A7 /* research_managerTests.swift */,
			);
			path = "research managerTests";
			sourceTree = "<group>";
		};
		3A4900722A635B58003372A7 /* research managerUITests */ = {
			isa = PBXGroup;
			children = (
				3A4900732A635B58003372A7 /* research_managerUITests.swift */,
				3A4900752A635B58003372A7 /* research_managerUITestsLaunchTests.swift */,
			);
			path = "research managerUITests";
			sourceTree = "<group>";
		};
/* End PBXGroup section */

/* Begin PBXNativeTarget section */
		3A4900532A635B57003372A7 /* research manager */ = {
			isa = PBXNativeTarget;
			buildConfigurationList = 3A4900792A635B58003372A7 /* Build configuration list for PBXNativeTarget "research manager" */;
			buildPhases = (
				3A4900502A635B57003372A7 /* Sources */,
				3A4900512A635B57003372A7 /* Frameworks */,
				3A4900522A635B57003372A7 /* Resources */,
			);
			buildRules = (
			);
			dependencies = (
			);
			name = "research manager";
			productName = "research manager";
			productReference = 3A4900542A635B57003372A7 /* research manager.app */;
			productType = "com.apple.product-type.application";
		};
		3A4900642A635B58003372A7 /* research managerTests */ = {
			isa = PBXNativeTarget;
			buildConfigurationList = 3A49007C2A635B58003372A7 /* Build configuration list for PBXNativeTarget "research managerTests" */;
			buildPhases = (
				3A4900612A635B58003372A7 /* Sources */,
				3A4900622A635B58003372A7 /* Frameworks */,
				3A4900632A635B58003372A7 /* Resources */,
			);
			buildRules = (
			);
			dependencies = (
				3A4900672A635B58003372A7 /* PBXTargetDependency */,
			);
			name = "research managerTests";
			productName = "research managerTests";
			productReference = 3A4900652A635B58003372A7 /* research managerTests.xctest */;
			productType = "com.apple.product-type.bundle.unit-test";
		};
		3A49006E2A635B58003372A7 /* research managerUITests */ = {
			isa = PBXNativeTarget;
			buildConfigurationList = 3A49007F2A635B58003372A7 /* Build configuration list for PBXNativeTarget "research managerUITests" */;
			buildPhases = (
				3A49006B2A635B58003372A7 /* Sources */,
				3A49006C2A635B58003372A7 /* Frameworks */,
				3A49006D2A635B58003372A7 /* Resources */,
			);
			buildRules = (
			);
			dependencies = (
				3A4900712A635B58003372A7 /* PBXTargetDependency */,
			);
			name = "research managerUITests";
			productName = "research managerUITests";
			productReference = 3A49006F2A635B58003372A7 /* research managerUITests.xctest */;
			productType = "com.apple.product-type.bundle.ui-testing";
		};
/* End PBXNativeTarget section */

/* Begin PBXProject section */
		3A49004C2A635B57003372A7 /* Project object */ = {
			isa = PBXProject;
			attributes = {
				BuildIndependentTargetsInParallel = 1;
				LastSwiftUpdateCheck = 1430;
				LastUpgradeCheck = 1430;
				TargetAttributes = {
					3A4900532A635B57003372A7 = {
						CreatedOnToolsVersion = 14.3.1;
					};
					3A4900642A635B58003372A7 = {
						CreatedOnToolsVersion = 14.3.1;
						TestTargetID = 3A4900532A635B57003372A7;
					};
					3A49006E2A635B58003372A7 = {
						CreatedOnToolsVersion = 14.3.1;
						TestTargetID = 3A4900532A635B57003372A7;
					};
				};
			};
			buildConfigurationList = 3A49004F2A635B57003372A7 /* Build configuration list for PBXProject "research manager" */;
			compatibilityVersion = "Xcode 14.0";
			developmentRegion = en;
			hasScannedForEncodings = 0;
			knownRegions = (
				en,
				Base,
			);
			mainGroup = 3A49004B2A635B57003372A7;
			productRefGroup = 3A4900552A635B57003372A7 /* Products */;
			projectDirPath = "";
			projectRoot = "";
			targets = (
				3A4900532A635B57003372A7 /* research manager */,
				3A4900642A635B58003372A7 /* research managerTests */,
				3A49006E2A635B58003372A7 /* research managerUITests */,
			);
		};
/* End PBXProject section */

/* Begin PBXResourcesBuildPhase section */
		3A4900522A635B57003372A7 /* Resources */ = {
			isa = PBXResourcesBuildPhase;
			buildActionMask = 2147483647;
			files = (
				3A4900602A635B58003372A7 /* Preview Assets.xcassets in Resources */,
				3A49005C2A635B58003372A7 /* Assets.xcassets in Resources */,
			);
			runOnlyForDeploymentPostprocessing = 0;
		};
		3A4900632A635B58003372A7 /* Resources */ = {
			isa = PBXResourcesBuildPhase;
			buildActionMask = 2147483647;
			files = (
			);
			runOnlyForDeploymentPostprocessing = 0;
		};
		3A49006D2A635B58003372A7 /* Resources */ = {
			isa = PBXResourcesBuildPhase;
			buildActionMask = 2147483647;
			files = (
			);
			runOnlyForDeploymentPostprocessing = 0;
		};
/* End PBXResourcesBuildPhase section */

/* Begin PBXSourcesBuildPhase section */
		3A4900502A635B57003372A7 /* Sources */ = {
			isa = PBXSourcesBuildPhase;
			buildActionMask = 2147483647;
			files = (
				3A49005A2A635B57003372A7 /* ContentView.swift in Sources */,
				3A4900582A635B57003372A7 /* research_managerApp.swift in Sources */,
			);
			runOnlyForDeploymentPostprocessing = 0;
		};
		3A4900612A635B58003372A7 /* Sources */ = {
			isa = PBXSourcesBuildPhase;
			buildActionMask = 2147483647;
			files = (
				3A49006A2A635B58003372A7 /* research_managerTests.swift in Sources */,
			);
			runOnlyForDeploymentPostprocessing = 0;
		};
		3A49006B2A635B58003372A7 /* Sources */ = {
			isa = PBXSourcesBuildPhase;
			buildActionMask = 2147483647;
			files = (
				3A4900742A635B58003372A7 /* research_managerUITests.swift in Sources */,
				3A4900762A635B58003372A7 /* research_managerUITestsLaunchTests.swift in Sources */,
			);
			runOnlyForDeploymentPostprocessing = 0;
		};
/* End PBXSourcesBuildPhase section */

/* Begin PBXTargetDependency section */
		3A4900672A635B58003372A7 /* PBXTargetDependency */ = {
			isa = PBXTargetDependency;
			target = 3A4900532A635B57003372A7 /* research manager */;
			targetProxy = 3A4900662A635B58003372A7 /* PBXContainerItemProxy */;
		};
		3A4900712A635B58003372A7 /* PBXTargetDependency */ = {
			isa = PBXTargetDependency;
			target = 3A4900532A635B57003372A7 /* research manager */;
			targetProxy = 3A4900702A635B58003372A7 /* PBXContainerItemProxy */;
		};
/* End PBXTargetDependency section */

/* Begin XCBuildConfiguration section */
		3A4900772A635B58003372A7 /* Debug */ = {
			isa = XCBuildConfiguration;
			buildSettings = {
				ALWAYS_SEARCH_USER_PATHS = NO;
				CLANG_ANALYZER_NONNULL = YES;
				CLANG_ANALYZER_NUMBER_OBJECT_CONVERSION = YES_AGGRESSIVE;
				CLANG_CXX_LANGUAGE_STANDARD = "gnu++20";
				CLANG_ENABLE_MODULES = YES;
				CLANG_ENABLE_OBJC_ARC = YES;
				CLANG_ENABLE_OBJC_WEAK = YES;
				CLANG_WARN_BLOCK_CAPTURE_AUTORELEASING = YES;
				CLANG_WARN_BOOL_CONVERSION = YES;
				CLANG_WARN_COMMA = YES;
				CLANG_WARN_CONSTANT_CONVERSION = YES;
				CLANG_WARN_DEPRECATED_OBJC_IMPLEMENTATIONS = YES;
				CLANG_WARN_DIRECT_OBJC_ISA_USAGE = YES_ERROR;
				CLANG_WARN_DOCUMENTATION_COMMENTS = YES;
				CLANG_WARN_EMPTY_BODY = YES;
				CLANG_WARN_ENUM_CONVERSION = YES;
				CLANG_WARN_INFINITE_RECURSION = YES;
				CLANG_WARN_INT_CONVERSION = YES;
				CLANG_WARN_NON_LITERAL_NULL_CONVERSION = YES;
				CLANG_WARN_OBJC_IMPLICIT_RETAIN_SELF = YES;
				CLANG_WARN_OBJC_LITERAL_CONVERSION = YES;
				CLANG_WARN_OBJC_ROOT_CLASS = YES_ERROR;
				CLANG_WARN_QUOTED_INCLUDE_IN_FRAMEWORK_HEADER = YES;
				CLANG_WARN_RANGE_LOOP_ANALYSIS = YES;
				CLANG_WARN_STRICT_PROTOTYPES = YES;
				CLANG_WARN_SUSPICIOUS_MOVE = YES;
				CLANG_WARN_UNGUARDED_AVAILABILITY = YES_AGGRESSIVE;
				CLANG_WARN_UNREACHABLE_CODE = YES;
				CLANG_WARN__DUPLICATE_METHOD_MATCH = YES;
				COPY_PHASE_STRIP = NO;
				DEBUG_INFORMATION_FORMAT = dwarf;
				ENABLE_STRICT_OBJC_MSGSEND = YES;
				ENABLE_TESTABILITY = YES;
				GCC_C_LANGUAGE_STANDARD = gnu11;
				GCC_DYNAMIC_NO_PIC = NO;
				GCC_NO_COMMON_BLOCKS = YES;
				GCC_OPTIMIZATION_LEVEL = 0;
				GCC_PREPROCESSOR_DEFINITIONS = (
					"DEBUG=1",
					"$(inherited)",
				);
				GCC_WARN_64_TO_32_BIT_CONVERSION = YES;
				GCC_WARN_ABOUT_RETURN_TYPE = YES_ERROR;
				GCC_WARN_UNDECLARED_SELECTOR = YES;
				GCC_WARN_UNINITIALIZED_AUTOS = YES_AGGRESSIVE;
				GCC_WARN_UNUSED_FUNCTION = YES;
				GCC_WARN_UNUSED_VARIABLE = YES;
				MTL_ENABLE_DEBUG_INFO = INCLUDE_SOURCE;
				MTL_FAST_MATH = YES;
				ONLY_ACTIVE_ARCH = YES;
				SWIFT_ACTIVE_COMPILATION_CONDITIONS = DEBUG;
				SWIFT_OPTIMIZATION_LEVEL = "-Onone";
			};
			name = Debug;
		};
		3A4900782A635B58003372A7 /* Release */ = {
			isa = XCBuildConfiguration;
			buildSettings = {
				ALWAYS_SEARCH_USER_PATHS = NO;
				CLANG_ANALYZER_NONNULL = YES;
				CLANG_ANALYZER_NUMBER_OBJECT_CONVERSION = YES_AGGRESSIVE;
				CLANG_CXX_LANGUAGE_STANDARD = "gnu++20";
				CLANG_ENABLE_MODULES = YES;
				CLANG_ENABLE_OBJC_ARC = YES;
				CLANG_ENABLE_OBJC_WEAK = YES;
				CLANG_WARN_BLOCK_CAPTURE_AUTORELEASING = YES;
				CLANG_WARN_BOOL_CONVERSION = YES;
				CLANG_WARN_COMMA = YES;
				CLANG_WARN_CONSTANT_CONVERSION = YES;
				CLANG_WARN_DEPRECATED_OBJC_IMPLEMENTATIONS = YES;
				CLANG_WARN_DIRECT_OBJC_ISA_USAGE = YES_ERROR;
				CLANG_WARN_DOCUMENTATION_COMMENTS = YES;
				CLANG_WARN_EMPTY_BODY = YES;
				CLANG_WARN_ENUM_CONVERSION = YES;
				CLANG_WARN_INFINITE_RECURSION = YES;
				CLANG_WARN_INT_CONVERSION = YES;
				CLANG_WARN_NON_LITERAL_NULL_CONVERSION = YES;
				CLANG_WARN_OBJC_IMPLICIT_RETAIN_SELF = YES;
				CLANG_WARN_OBJC_LITERAL_CONVERSION = YES;
				CLANG_WARN_OBJC_ROOT_CLASS = YES_ERROR;
				CLANG_WARN_QUOTED_INCLUDE_IN_FRAMEWORK_HEADER = YES;
				CLANG_WARN_RANGE_LOOP_ANALYSIS = YES;
				CLANG_WARN_STRICT_PROTOTYPES = YES;
				CLANG_WARN_SUSPICIOUS_MOVE = YES;
				CLANG_WARN_UNGUARDED_AVAILABILITY = YES_AGGRESSIVE;
				CLANG_WARN_UNREACHABLE_CODE = YES;
				CLANG_WARN__DUPLICATE_METHOD_MATCH = YES;
				COPY_PHASE_STRIP = NO;
				DEBUG_INFORMATION_FORMAT = "dwarf-with-dsym";
				ENABLE_NS_ASSERTIONS = NO;
				ENABLE_STRICT_OBJC_MSGSEND = YES;
				GCC_C_LANGUAGE_STANDARD = gnu11;
				GCC_NO_COMMON_BLOCKS = YES;
				GCC_WARN_64_TO_32_BIT_CONVERSION = YES;
				GCC_WARN_ABOUT_RETURN_TYPE = YES_ERROR;
				GCC_WARN_UNDECLARED_SELECTOR = YES;
				GCC_WARN_UNINITIALIZED_AUTOS = YES_AGGRESSIVE;
				GCC_WARN_UNUSED_FUNCTION = YES;
				GCC_WARN_UNUSED_VARIABLE = YES;
				MTL_ENABLE_DEBUG_INFO = NO;
				MTL_FAST_MATH = YES;
				SWIFT_COMPILATION_MODE = wholemodule;
				SWIFT_OPTIMIZATION_LEVEL = "-O";
			};
			name = Release;
		};
		3A49007A2A635B58003372A7 /* Debug */ = {
			isa = XCBuildConfiguration;
			buildSettings = {
				ASSETCATALOG_COMPILER_APPICON_NAME = AppIcon;
				ASSETCATALOG_COMPILER_GLOBAL_ACCENT_COLOR_NAME = AccentColor;
				CODE_SIGN_ENTITLEMENTS = "research manager/research_manager.entitlements";
				CODE_SIGN_STYLE = Automatic;
				CURRENT_PROJECT_VERSION = 1;
				DEVELOPMENT_ASSET_PATHS = "\"research manager/Preview Content\"";
				ENABLE_PREVIEWS = YES;
				GENERATE_INFOPLIST_FILE = YES;
				"INFOPLIST_KEY_UIApplicationSceneManifest_Generation[sdk=iphoneos*]" = YES;
				"INFOPLIST_KEY_UIApplicationSceneManifest_Generation[sdk=iphonesimulator*]" = YES;
				"INFOPLIST_KEY_UIApplicationSupportsIndirectInputEvents[sdk=iphoneos*]" = YES;
				"INFOPLIST_KEY_UIApplicationSupportsIndirectInputEvents[sdk=iphonesimulator*]" = YES;
				"INFOPLIST_KEY_UILaunchScreen_Generation[sdk=iphoneos*]" = YES;
				"INFOPLIST_KEY_UILaunchScreen_Generation[sdk=iphonesimulator*]" = YES;
				"INFOPLIST_KEY_UIStatusBarStyle[sdk=iphoneos*]" = UIStatusBarStyleDefault;
				"INFOPLIST_KEY_UIStatusBarStyle[sdk=iphonesimulator*]" = UIStatusBarStyleDefault;
				INFOPLIST_KEY_UISupportedInterfaceOrientations_iPad = "UIInterfaceOrientationPortrait UIInterfaceOrientationPortraitUpsideDown UIInterfaceOrientationLandscapeLeft UIInterfaceOrientationLandscapeRight";
				INFOPLIST_KEY_UISupportedInterfaceOrientations_iPhone = "UIInterfaceOrientationPortrait UIInterfaceOrientationLandscapeLeft UIInterfaceOrientationLandscapeRight";
				IPHONEOS_DEPLOYMENT_TARGET = 16.4;
				LD_RUNPATH_SEARCH_PATHS = "@executable_path/Frameworks";
				"LD_RUNPATH_SEARCH_PATHS[sdk=macosx*]" = "@executable_path/../Frameworks";
				MACOSX_DEPLOYMENT_TARGET = 13.3;
				MARKETING_VERSION = 1.0;
				PRODUCT_BUNDLE_IDENTIFIER = "GarrettWen.research-manager";
				PRODUCT_NAME = "$(TARGET_NAME)";
				SDKROOT = auto;
				SUPPORTED_PLATFORMS = "iphoneos iphonesimulator macosx";
				SWIFT_EMIT_LOC_STRINGS = YES;
				SWIFT_VERSION = 5.0;
				TARGETED_DEVICE_FAMILY = "1,2";
			};
			name = Debug;
		};
		3A49007B2A635B58003372A7 /* Release */ = {
			isa = XCBuildConfiguration;
			buildSettings = {
				ASSETCATALOG_COMPILER_APPICON_NAME = AppIcon;
				ASSETCATALOG_COMPILER_GLOBAL_ACCENT_COLOR_NAME = AccentColor;
				CODE_SIGN_ENTITLEMENTS = "research manager/research_manager.entitlements";
				CODE_SIGN_STYLE = Automatic;
				CURRENT_PROJECT_VERSION = 1;
				DEVELOPMENT_ASSET_PATHS = "\"research manager/Preview Content\"";
				ENABLE_PREVIEWS = YES;
				GENERATE_INFOPLIST_FILE = YES;
				"INFOPLIST_KEY_UIApplicationSceneManifest_Generation[sdk=iphoneos*]" = YES;
				"INFOPLIST_KEY_UIApplicationSceneManifest_Generation[sdk=iphonesimulator*]" = YES;
				"INFOPLIST_KEY_UIApplicationSupportsIndirectInputEvents[sdk=iphoneos*]" = YES;
				"INFOPLIST_KEY_UIApplicationSupportsIndirectInputEvents[sdk=iphonesimulator*]" = YES;
				"INFOPLIST_KEY_UILaunchScreen_Generation[sdk=iphoneos*]" = YES;
				"INFOPLIST_KEY_UILaunchScreen_Generation[sdk=iphonesimulator*]" = YES;
				"INFOPLIST_KEY_UIStatusBarStyle[sdk=iphoneos*]" = UIStatusBarStyleDefault;
				"INFOPLIST_KEY_UIStatusBarStyle[sdk=iphonesimulator*]" = UIStatusBarStyleDefault;
				INFOPLIST_KEY_UISupportedInterfaceOrientations_iPad = "UIInterfaceOrientationPortrait UIInterfaceOrientationPortraitUpsideDown UIInterfaceOrientationLandscapeLeft UIInterfaceOrientationLandscapeRight";
				INFOPLIST_KEY_UISupportedInterfaceOrientations_iPhone = "UIInterfaceOrientationPortrait UIInterfaceOrientationLandscapeLeft UIInterfaceOrientationLandscapeRight";
				IPHONEOS_DEPLOYMENT_TARGET = 16.4;
				LD_RUNPATH_SEARCH_PATHS = "@executable_path/Frameworks";
				"LD_RUNPATH_SEARCH_PATHS[sdk=macosx*]" = "@executable_path/../Frameworks";
				MACOSX_DEPLOYMENT_TARGET = 13.3;
				MARKETING_VERSION = 1.0;
				PRODUCT_BUNDLE_IDENTIFIER = "GarrettWen.research-manager";
				PRODUCT_NAME = "$(TARGET_NAME)";
				SDKROOT = auto;
				SUPPORTED_PLATFORMS = "iphoneos iphonesimulator macosx";
				SWIFT_EMIT_LOC_STRINGS = YES;
				SWIFT_VERSION = 5.0;
				TARGETED_DEVICE_FAMILY = "1,2";
			};
			name = Release;
		};
		3A49007D2A635B58003372A7 /* Debug */ = {
			isa = XCBuildConfiguration;
			buildSettings = {
				ALWAYS_EMBED_SWIFT_STANDARD_LIBRARIES = YES;
				BUNDLE_LOADER = "$(TEST_HOST)";
				CODE_SIGN_STYLE = Automatic;
				CURRENT_PROJECT_VERSION = 1;
				GENERATE_INFOPLIST_FILE = YES;
				IPHONEOS_DEPLOYMENT_TARGET = 16.4;
				MACOSX_DEPLOYMENT_TARGET = 13.3;
				MARKETING_VERSION = 1.0;
				PRODUCT_BUNDLE_IDENTIFIER = "GarrettWen.research-managerTests";
				PRODUCT_NAME = "$(TARGET_NAME)";
				SDKROOT = auto;
				SUPPORTED_PLATFORMS = "iphoneos iphonesimulator macosx";
				SWIFT_EMIT_LOC_STRINGS = NO;
				SWIFT_VERSION = 5.0;
				TARGETED_DEVICE_FAMILY = "1,2";
				TEST_HOST = "$(BUILT_PRODUCTS_DIR)/research manager.app/$(BUNDLE_EXECUTABLE_FOLDER_PATH)/research manager";
			};
			name = Debug;
		};
		3A49007E2A635B58003372A7 /* Release */ = {
			isa = XCBuildConfiguration;
			buildSettings = {
				ALWAYS_EMBED_SWIFT_STANDARD_LIBRARIES = YES;
				BUNDLE_LOADER = "$(TEST_HOST)";
				CODE_SIGN_STYLE = Automatic;
				CURRENT_PROJECT_VERSION = 1;
				GENERATE_INFOPLIST_FILE = YES;
				IPHONEOS_DEPLOYMENT_TARGET = 16.4;
				MACOSX_DEPLOYMENT_TARGET = 13.3;
				MARKETING_VERSION = 1.0;
				PRODUCT_BUNDLE_IDENTIFIER = "GarrettWen.research-managerTests";
				PRODUCT_NAME = "$(TARGET_NAME)";
				SDKROOT = auto;
				SUPPORTED_PLATFORMS = "iphoneos iphonesimulator macosx";
				SWIFT_EMIT_LOC_STRINGS = NO;
				SWIFT_VERSION = 5.0;
				TARGETED_DEVICE_FAMILY = "1,2";
				TEST_HOST = "$(BUILT_PRODUCTS_DIR)/research manager.app/$(BUNDLE_EXECUTABLE_FOLDER_PATH)/research manager";
			};
			name = Release;
		};
		3A4900802A635B58003372A7 /* Debug */ = {
			isa = XCBuildConfiguration;
			buildSettings = {
				ALWAYS_EMBED_SWIFT_STANDARD_LIBRARIES = YES;
				CODE_SIGN_STYLE = Automatic;
				CURRENT_PROJECT_VERSION = 1;
				GENERATE_INFOPLIST_FILE = YES;
				IPHONEOS_DEPLOYMENT_TARGET = 16.4;
				MACOSX_DEPLOYMENT_TARGET = 13.3;
				MARKETING_VERSION = 1.0;
				PRODUCT_BUNDLE_IDENTIFIER = "GarrettWen.research-managerUITests";
				PRODUCT_NAME = "$(TARGET_NAME)";
				SDKROOT = auto;
				SUPPORTED_PLATFORMS = "iphoneos iphonesimulator macosx";
				SWIFT_EMIT_LOC_STRINGS = NO;
				SWIFT_VERSION = 5.0;
				TARGETED_DEVICE_FAMILY = "1,2";
				TEST_TARGET_NAME = "research manager";
			};
			name = Debug;
		};
		3A4900812A635B58003372A7 /* Release */ = {
			isa = XCBuildConfiguration;
			buildSettings = {
				ALWAYS_EMBED_SWIFT_STANDARD_LIBRARIES = YES;
				CODE_SIGN_STYLE = Automatic;
				CURRENT_PROJECT_VERSION = 1;
				GENERATE_INFOPLIST_FILE = YES;
				IPHONEOS_DEPLOYMENT_TARGET = 16.4;
				MACOSX_DEPLOYMENT_TARGET = 13.3;
				MARKETING_VERSION = 1.0;
				PRODUCT_BUNDLE_IDENTIFIER = "GarrettWen.research-managerUITests";
				PRODUCT_NAME = "$(TARGET_NAME)";
				SDKROOT = auto;
				SUPPORTED_PLATFORMS = "iphoneos iphonesimulator macosx";
				SWIFT_EMIT_LOC_STRINGS = NO;
				SWIFT_VERSION = 5.0;
				TARGETED_DEVICE_FAMILY = "1,2";
				TEST_TARGET_NAME = "research manager";
			};
			name = Release;
		};
/* End XCBuildConfiguration section */

/* Begin XCConfigurationList section */
		3A49004F2A635B57003372A7 /* Build configuration list for PBXProject "research manager" */ = {
			isa = XCConfigurationList;
			buildConfigurations = (
				3A4900772A635B58003372A7 /* Debug */,
				3A4900782A635B58003372A7 /* Release */,
			);
			defaultConfigurationIsVisible = 0;
			defaultConfigurationName = Release;
		};
		3A4900792A635B58003372A7 /* Build configuration list for PBXNativeTarget "research manager" */ = {
			isa = XCConfigurationList;
			buildConfigurations = (
				3A49007A2A635B58003372A7 /* Debug */,
				3A49007B2A635B58003372A7 /* Release */,
			);
			defaultConfigurationIsVisible = 0;
			defaultConfigurationName = Release;
		};
		3A49007C2A635B58003372A7 /* Build configuration list for PBXNativeTarget "research managerTests" */ = {
			isa = XCConfigurationList;
			buildConfigurations = (
				3A49007D2A635B58003372A7 /* Debug */,
				3A49007E2A635B58003372A7 /* Release */,
			);
			defaultConfigurationIsVisible = 0;
			defaultConfigurationName = Release;
		};
		3A49007F2A635B58003372A7 /* Build configuration list for PBXNativeTarget "research managerUITests" */ = {
			isa = XCConfigurationList;
			buildConfigurations = (
				3A4900802A635B58003372A7 /* Debug */,
				3A4900812A635B58003372A7 /* Release */,
			);
			defaultConfigurationIsVisible = 0;
			defaultConfigurationName = Release;
		};
/* End XCConfigurationList section */
	};
	rootObject = 3A49004C2A635B57003372A7 /* Project object */;
}
